
Microsoft Visual Studio Solution File, Format Version 12.00
# Visual Studio 15
VisualStudioVersion = 15.0.28010.2046
MinimumVisualStudioVersion = 10.0.40219.1
Project("{9A19103F-16F7-4668-BE54-9A1E7A4F7556}") = "HomeAutomation.Protocols.App", "HomeAutomation.Protocols.App\HomeAutomation.Protocols.App.csproj", "{B5A2ADFC-39BA-43FF-AC17-E64944AC3281}"
EndProject
Project("{FAE04EC0-301F-11D3-BF4B-00C04F79EFBC}") = "HomeAutomation.Protocols.App.UnitTests", "HomeAutomation.Protocols.App.UnitTests\HomeAutomation.Protocols.App.UnitTests.csproj", "{05342D09-9335-4A88-9C99-2618BFF34CB7}"
EndProject
Project("{FAE04EC0-301F-11D3-BF4B-00C04F79EFBC}") = "HomeAutomation.Server", "HomeAutomation.Server\HomeAutomation.Server.csproj", "{205F6A0B-5A4A-447F-881B-1A3C84D003C4}"
EndProject
Project("{FAE04EC0-301F-11D3-BF4B-00C04F79EFBC}") = "HomeAutomation.App.Android", "HomeAutomation.App\HomeAutomation.App.Android\HomeAutomation.App.Android.csproj", "{83AEA281-BBBF-4C26-8485-570E833C906E}"
EndProject
Project("{FAE04EC0-301F-11D3-BF4B-00C04F79EFBC}") = "HomeAutomation.App.UWP", "HomeAutomation.App\HomeAutomation.App.UWP\HomeAutomation.App.UWP.csproj", "{E567415F-DC70-45F7-AD4C-6A3F4A863902}"
EndProject
Project("{9A19103F-16F7-4668-BE54-9A1E7A4F7556}") = "HomeAutomation.App", "HomeAutomation.App\HomeAutomation.App\HomeAutomation.App.csproj", "{14CDBC40-EAB9-46FA-88D7-D307BC896E42}"
EndProject
Project("{FAE04EC0-301F-11D3-BF4B-00C04F79EFBC}") = "HomeAutomation.App.UnitTests", "HomeAutomation.App.UnitTests\HomeAutomation.App.UnitTests.csproj", "{A7A2A230-D8D7-46CC-88F2-E261E5A82573}"
EndProject
Project("{9A19103F-16F7-4668-BE54-9A1E7A4F7556}") = "HomeAutomation.Server.Core", "HomeAutomation.Server.Core\HomeAutomation.Server.Core.csproj", "{DCC2F909-4B87-410A-8330-2F857EEBF049}"
EndProject
Project("{FAE04EC0-301F-11D3-BF4B-00C04F79EFBC}") = "HomeAutomation.Server.Core.UnitTests", "HomeAutomation.Server.Core.UnitTests\HomeAutomation.Server.Core.UnitTests.csproj", "{56608072-BA1E-41CD-B59C-996C4BB29EAA}"
EndProject
Global
	GlobalSection(SolutionConfigurationPlatforms) = preSolution
		Debug|Any CPU = Debug|Any CPU
		Debug|ARM = Debug|ARM
		Debug|ARM64 = Debug|ARM64
		Debug|x64 = Debug|x64
		Debug|x86 = Debug|x86
		Release|Any CPU = Release|Any CPU
		Release|ARM = Release|ARM
		Release|ARM64 = Release|ARM64
		Release|x64 = Release|x64
		Release|x86 = Release|x86
	EndGlobalSection
	GlobalSection(ProjectConfigurationPlatforms) = postSolution
		{B5A2ADFC-39BA-43FF-AC17-E64944AC3281}.Debug|Any CPU.ActiveCfg = Debug|Any CPU
		{B5A2ADFC-39BA-43FF-AC17-E64944AC3281}.Debug|Any CPU.Build.0 = Debug|Any CPU
		{B5A2ADFC-39BA-43FF-AC17-E64944AC3281}.Debug|ARM.ActiveCfg = Debug|Any CPU
		{B5A2ADFC-39BA-43FF-AC17-E64944AC3281}.Debug|ARM.Build.0 = Debug|Any CPU
		{B5A2ADFC-39BA-43FF-AC17-E64944AC3281}.Debug|ARM64.ActiveCfg = Debug|Any CPU
		{B5A2ADFC-39BA-43FF-AC17-E64944AC3281}.Debug|ARM64.Build.0 = Debug|Any CPU
		{B5A2ADFC-39BA-43FF-AC17-E64944AC3281}.Debug|x64.ActiveCfg = Debug|Any CPU
		{B5A2ADFC-39BA-43FF-AC17-E64944AC3281}.Debug|x64.Build.0 = Debug|Any CPU
		{B5A2ADFC-39BA-43FF-AC17-E64944AC3281}.Debug|x86.ActiveCfg = Debug|Any CPU
		{B5A2ADFC-39BA-43FF-AC17-E64944AC3281}.Debug|x86.Build.0 = Debug|Any CPU
		{B5A2ADFC-39BA-43FF-AC17-E64944AC3281}.Release|Any CPU.ActiveCfg = Release|Any CPU
		{B5A2ADFC-39BA-43FF-AC17-E64944AC3281}.Release|Any CPU.Build.0 = Release|Any CPU
		{B5A2ADFC-39BA-43FF-AC17-E64944AC3281}.Release|ARM.ActiveCfg = Release|Any CPU
		{B5A2ADFC-39BA-43FF-AC17-E64944AC3281}.Release|ARM.Build.0 = Release|Any CPU
		{B5A2ADFC-39BA-43FF-AC17-E64944AC3281}.Release|ARM64.ActiveCfg = Release|Any CPU
		{B5A2ADFC-39BA-43FF-AC17-E64944AC3281}.Release|ARM64.Build.0 = Release|Any CPU
		{B5A2ADFC-39BA-43FF-AC17-E64944AC3281}.Release|x64.ActiveCfg = Release|Any CPU
		{B5A2ADFC-39BA-43FF-AC17-E64944AC3281}.Release|x64.Build.0 = Release|Any CPU
		{B5A2ADFC-39BA-43FF-AC17-E64944AC3281}.Release|x86.ActiveCfg = Release|Any CPU
		{B5A2ADFC-39BA-43FF-AC17-E64944AC3281}.Release|x86.Build.0 = Release|Any CPU
		{05342D09-9335-4A88-9C99-2618BFF34CB7}.Debug|Any CPU.ActiveCfg = Debug|Any CPU
		{05342D09-9335-4A88-9C99-2618BFF34CB7}.Debug|Any CPU.Build.0 = Debug|Any CPU
		{05342D09-9335-4A88-9C99-2618BFF34CB7}.Debug|ARM.ActiveCfg = Debug|Any CPU
		{05342D09-9335-4A88-9C99-2618BFF34CB7}.Debug|ARM.Build.0 = Debug|Any CPU
		{05342D09-9335-4A88-9C99-2618BFF34CB7}.Debug|ARM64.ActiveCfg = Debug|Any CPU
		{05342D09-9335-4A88-9C99-2618BFF34CB7}.Debug|ARM64.Build.0 = Debug|Any CPU
		{05342D09-9335-4A88-9C99-2618BFF34CB7}.Debug|x64.ActiveCfg = Debug|Any CPU
		{05342D09-9335-4A88-9C99-2618BFF34CB7}.Debug|x64.Build.0 = Debug|Any CPU
		{05342D09-9335-4A88-9C99-2618BFF34CB7}.Debug|x86.ActiveCfg = Debug|Any CPU
		{05342D09-9335-4A88-9C99-2618BFF34CB7}.Debug|x86.Build.0 = Debug|Any CPU
		{05342D09-9335-4A88-9C99-2618BFF34CB7}.Release|Any CPU.ActiveCfg = Release|Any CPU
		{05342D09-9335-4A88-9C99-2618BFF34CB7}.Release|Any CPU.Build.0 = Release|Any CPU
		{05342D09-9335-4A88-9C99-2618BFF34CB7}.Release|ARM.ActiveCfg = Release|Any CPU
		{05342D09-9335-4A88-9C99-2618BFF34CB7}.Release|ARM.Build.0 = Release|Any CPU
		{05342D09-9335-4A88-9C99-2618BFF34CB7}.Release|ARM64.ActiveCfg = Release|Any CPU
		{05342D09-9335-4A88-9C99-2618BFF34CB7}.Release|ARM64.Build.0 = Release|Any CPU
		{05342D09-9335-4A88-9C99-2618BFF34CB7}.Release|x64.ActiveCfg = Release|Any CPU
		{05342D09-9335-4A88-9C99-2618BFF34CB7}.Release|x64.Build.0 = Release|Any CPU
		{05342D09-9335-4A88-9C99-2618BFF34CB7}.Release|x86.ActiveCfg = Release|Any CPU
		{05342D09-9335-4A88-9C99-2618BFF34CB7}.Release|x86.Build.0 = Release|Any CPU
		{205F6A0B-5A4A-447F-881B-1A3C84D003C4}.Debug|Any CPU.ActiveCfg = Debug|ARM
		{205F6A0B-5A4A-447F-881B-1A3C84D003C4}.Debug|Any CPU.Build.0 = Debug|ARM
		{205F6A0B-5A4A-447F-881B-1A3C84D003C4}.Debug|Any CPU.Deploy.0 = Debug|ARM
		{205F6A0B-5A4A-447F-881B-1A3C84D003C4}.Debug|ARM.ActiveCfg = Debug|ARM
		{205F6A0B-5A4A-447F-881B-1A3C84D003C4}.Debug|ARM.Build.0 = Debug|ARM
		{205F6A0B-5A4A-447F-881B-1A3C84D003C4}.Debug|ARM.Deploy.0 = Debug|ARM
		{205F6A0B-5A4A-447F-881B-1A3C84D003C4}.Debug|ARM64.ActiveCfg = Debug|x86
		{205F6A0B-5A4A-447F-881B-1A3C84D003C4}.Debug|x64.ActiveCfg = Debug|x64
		{205F6A0B-5A4A-447F-881B-1A3C84D003C4}.Debug|x64.Build.0 = Debug|x64
		{205F6A0B-5A4A-447F-881B-1A3C84D003C4}.Debug|x64.Deploy.0 = Debug|x64
		{205F6A0B-5A4A-447F-881B-1A3C84D003C4}.Debug|x86.ActiveCfg = Debug|ARM
		{205F6A0B-5A4A-447F-881B-1A3C84D003C4}.Debug|x86.Build.0 = Debug|ARM
		{205F6A0B-5A4A-447F-881B-1A3C84D003C4}.Debug|x86.Deploy.0 = Debug|ARM
		{205F6A0B-5A4A-447F-881B-1A3C84D003C4}.Release|Any CPU.ActiveCfg = Release|x86
		{205F6A0B-5A4A-447F-881B-1A3C84D003C4}.Release|ARM.ActiveCfg = Release|ARM
		{205F6A0B-5A4A-447F-881B-1A3C84D003C4}.Release|ARM.Build.0 = Release|ARM
		{205F6A0B-5A4A-447F-881B-1A3C84D003C4}.Release|ARM.Deploy.0 = Release|ARM
		{205F6A0B-5A4A-447F-881B-1A3C84D003C4}.Release|ARM64.ActiveCfg = Release|x86
		{205F6A0B-5A4A-447F-881B-1A3C84D003C4}.Release|x64.ActiveCfg = Release|x64
		{205F6A0B-5A4A-447F-881B-1A3C84D003C4}.Release|x64.Build.0 = Release|x64
		{205F6A0B-5A4A-447F-881B-1A3C84D003C4}.Release|x64.Deploy.0 = Release|x64
		{205F6A0B-5A4A-447F-881B-1A3C84D003C4}.Release|x86.ActiveCfg = Release|x86
		{205F6A0B-5A4A-447F-881B-1A3C84D003C4}.Release|x86.Build.0 = Release|x86
		{205F6A0B-5A4A-447F-881B-1A3C84D003C4}.Release|x86.Deploy.0 = Release|x86
		{83AEA281-BBBF-4C26-8485-570E833C906E}.Debug|Any CPU.ActiveCfg = Debug|Any CPU
		{83AEA281-BBBF-4C26-8485-570E833C906E}.Debug|Any CPU.Build.0 = Debug|Any CPU
		{83AEA281-BBBF-4C26-8485-570E833C906E}.Debug|Any CPU.Deploy.0 = Debug|Any CPU
		{83AEA281-BBBF-4C26-8485-570E833C906E}.Debug|ARM.ActiveCfg = Debug|Any CPU
		{83AEA281-BBBF-4C26-8485-570E833C906E}.Debug|ARM.Build.0 = Debug|Any CPU
		{83AEA281-BBBF-4C26-8485-570E833C906E}.Debug|ARM.Deploy.0 = Debug|Any CPU
		{83AEA281-BBBF-4C26-8485-570E833C906E}.Debug|ARM64.ActiveCfg = Debug|Any CPU
		{83AEA281-BBBF-4C26-8485-570E833C906E}.Debug|ARM64.Build.0 = Debug|Any CPU
		{83AEA281-BBBF-4C26-8485-570E833C906E}.Debug|ARM64.Deploy.0 = Debug|Any CPU
		{83AEA281-BBBF-4C26-8485-570E833C906E}.Debug|x64.ActiveCfg = Debug|Any CPU
		{83AEA281-BBBF-4C26-8485-570E833C906E}.Debug|x64.Build.0 = Debug|Any CPU
		{83AEA281-BBBF-4C26-8485-570E833C906E}.Debug|x64.Deploy.0 = Debug|Any CPU
		{83AEA281-BBBF-4C26-8485-570E833C906E}.Debug|x86.ActiveCfg = Debug|Any CPU
		{83AEA281-BBBF-4C26-8485-570E833C906E}.Debug|x86.Build.0 = Debug|Any CPU
		{83AEA281-BBBF-4C26-8485-570E833C906E}.Debug|x86.Deploy.0 = Debug|Any CPU
		{83AEA281-BBBF-4C26-8485-570E833C906E}.Release|Any CPU.ActiveCfg = Release|Any CPU
		{83AEA281-BBBF-4C26-8485-570E833C906E}.Release|Any CPU.Build.0 = Release|Any CPU
		{83AEA281-BBBF-4C26-8485-570E833C906E}.Release|Any CPU.Deploy.0 = Release|Any CPU
		{83AEA281-BBBF-4C26-8485-570E833C906E}.Release|ARM.ActiveCfg = Release|Any CPU
		{83AEA281-BBBF-4C26-8485-570E833C906E}.Release|ARM.Build.0 = Release|Any CPU
		{83AEA281-BBBF-4C26-8485-570E833C906E}.Release|ARM.Deploy.0 = Release|Any CPU
		{83AEA281-BBBF-4C26-8485-570E833C906E}.Release|ARM64.ActiveCfg = Release|Any CPU
		{83AEA281-BBBF-4C26-8485-570E833C906E}.Release|ARM64.Build.0 = Release|Any CPU
		{83AEA281-BBBF-4C26-8485-570E833C906E}.Release|ARM64.Deploy.0 = Release|Any CPU
		{83AEA281-BBBF-4C26-8485-570E833C906E}.Release|x64.ActiveCfg = Release|Any CPU
		{83AEA281-BBBF-4C26-8485-570E833C906E}.Release|x64.Build.0 = Release|Any CPU
		{83AEA281-BBBF-4C26-8485-570E833C906E}.Release|x64.Deploy.0 = Release|Any CPU
		{83AEA281-BBBF-4C26-8485-570E833C906E}.Release|x86.ActiveCfg = Release|Any CPU
		{83AEA281-BBBF-4C26-8485-570E833C906E}.Release|x86.Build.0 = Release|Any CPU
		{83AEA281-BBBF-4C26-8485-570E833C906E}.Release|x86.Deploy.0 = Release|Any CPU
		{E567415F-DC70-45F7-AD4C-6A3F4A863902}.Debug|Any CPU.ActiveCfg = Debug|x86
		{E567415F-DC70-45F7-AD4C-6A3F4A863902}.Debug|ARM.ActiveCfg = Debug|ARM
		{E567415F-DC70-45F7-AD4C-6A3F4A863902}.Debug|ARM.Build.0 = Debug|ARM
		{E567415F-DC70-45F7-AD4C-6A3F4A863902}.Debug|ARM.Deploy.0 = Debug|ARM
		{E567415F-DC70-45F7-AD4C-6A3F4A863902}.Debug|ARM64.ActiveCfg = Debug|x86
		{E567415F-DC70-45F7-AD4C-6A3F4A863902}.Debug|x64.ActiveCfg = Debug|x64
		{E567415F-DC70-45F7-AD4C-6A3F4A863902}.Debug|x64.Build.0 = Debug|x64
		{E567415F-DC70-45F7-AD4C-6A3F4A863902}.Debug|x64.Deploy.0 = Debug|x64
		{E567415F-DC70-45F7-AD4C-6A3F4A863902}.Debug|x86.ActiveCfg = Debug|x86
		{E567415F-DC70-45F7-AD4C-6A3F4A863902}.Debug|x86.Build.0 = Debug|x86
		{E567415F-DC70-45F7-AD4C-6A3F4A863902}.Debug|x86.Deploy.0 = Debug|x86
		{E567415F-DC70-45F7-AD4C-6A3F4A863902}.Release|Any CPU.ActiveCfg = Release|x86
		{E567415F-DC70-45F7-AD4C-6A3F4A863902}.Release|ARM.ActiveCfg = Release|ARM
		{E567415F-DC70-45F7-AD4C-6A3F4A863902}.Release|ARM.Build.0 = Release|ARM
		{E567415F-DC70-45F7-AD4C-6A3F4A863902}.Release|ARM.Deploy.0 = Release|ARM
		{E567415F-DC70-45F7-AD4C-6A3F4A863902}.Release|ARM64.ActiveCfg = Release|x86
		{E567415F-DC70-45F7-AD4C-6A3F4A863902}.Release|x64.ActiveCfg = Release|x64
		{E567415F-DC70-45F7-AD4C-6A3F4A863902}.Release|x64.Build.0 = Release|x64
		{E567415F-DC70-45F7-AD4C-6A3F4A863902}.Release|x64.Deploy.0 = Release|x64
		{E567415F-DC70-45F7-AD4C-6A3F4A863902}.Release|x86.ActiveCfg = Release|x86
		{E567415F-DC70-45F7-AD4C-6A3F4A863902}.Release|x86.Build.0 = Release|x86
		{E567415F-DC70-45F7-AD4C-6A3F4A863902}.Release|x86.Deploy.0 = Release|x86
		{14CDBC40-EAB9-46FA-88D7-D307BC896E42}.Debug|Any CPU.ActiveCfg = Debug|Any CPU
		{14CDBC40-EAB9-46FA-88D7-D307BC896E42}.Debug|Any CPU.Build.0 = Debug|Any CPU
		{14CDBC40-EAB9-46FA-88D7-D307BC896E42}.Debug|ARM.ActiveCfg = Debug|Any CPU
		{14CDBC40-EAB9-46FA-88D7-D307BC896E42}.Debug|ARM.Build.0 = Debug|Any CPU
		{14CDBC40-EAB9-46FA-88D7-D307BC896E42}.Debug|ARM64.ActiveCfg = Debug|Any CPU
		{14CDBC40-EAB9-46FA-88D7-D307BC896E42}.Debug|ARM64.Build.0 = Debug|Any CPU
		{14CDBC40-EAB9-46FA-88D7-D307BC896E42}.Debug|x64.ActiveCfg = Debug|Any CPU
		{14CDBC40-EAB9-46FA-88D7-D307BC896E42}.Debug|x64.Build.0 = Debug|Any CPU
		{14CDBC40-EAB9-46FA-88D7-D307BC896E42}.Debug|x86.ActiveCfg = Debug|Any CPU
		{14CDBC40-EAB9-46FA-88D7-D307BC896E42}.Debug|x86.Build.0 = Debug|Any CPU
		{14CDBC40-EAB9-46FA-88D7-D307BC896E42}.Release|Any CPU.ActiveCfg = Release|Any CPU
		{14CDBC40-EAB9-46FA-88D7-D307BC896E42}.Release|Any CPU.Build.0 = Release|Any CPU
		{14CDBC40-EAB9-46FA-88D7-D307BC896E42}.Release|ARM.ActiveCfg = Release|Any CPU
		{14CDBC40-EAB9-46FA-88D7-D307BC896E42}.Release|ARM.Build.0 = Release|Any CPU
		{14CDBC40-EAB9-46FA-88D7-D307BC896E42}.Release|ARM64.ActiveCfg = Release|Any CPU
		{14CDBC40-EAB9-46FA-88D7-D307BC896E42}.Release|ARM64.Build.0 = Release|Any CPU
		{14CDBC40-EAB9-46FA-88D7-D307BC896E42}.Release|x64.ActiveCfg = Release|Any CPU
		{14CDBC40-EAB9-46FA-88D7-D307BC896E42}.Release|x64.Build.0 = Release|Any CPU
		{14CDBC40-EAB9-46FA-88D7-D307BC896E42}.Release|x86.ActiveCfg = Release|Any CPU
		{14CDBC40-EAB9-46FA-88D7-D307BC896E42}.Release|x86.Build.0 = Release|Any CPU
		{A7A2A230-D8D7-46CC-88F2-E261E5A82573}.Debug|Any CPU.ActiveCfg = Debug|Any CPU
		{A7A2A230-D8D7-46CC-88F2-E261E5A82573}.Debug|Any CPU.Build.0 = Debug|Any CPU
		{A7A2A230-D8D7-46CC-88F2-E261E5A82573}.Debug|ARM.ActiveCfg = Debug|Any CPU
		{A7A2A230-D8D7-46CC-88F2-E261E5A82573}.Debug|ARM.Build.0 = Debug|Any CPU
		{A7A2A230-D8D7-46CC-88F2-E261E5A82573}.Debug|ARM64.ActiveCfg = Debug|Any CPU
		{A7A2A230-D8D7-46CC-88F2-E261E5A82573}.Debug|ARM64.Build.0 = Debug|Any CPU
		{A7A2A230-D8D7-46CC-88F2-E261E5A82573}.Debug|x64.ActiveCfg = Debug|Any CPU
		{A7A2A230-D8D7-46CC-88F2-E261E5A82573}.Debug|x64.Build.0 = Debug|Any CPU
		{A7A2A230-D8D7-46CC-88F2-E261E5A82573}.Debug|x86.ActiveCfg = Debug|Any CPU
		{A7A2A230-D8D7-46CC-88F2-E261E5A82573}.Debug|x86.Build.0 = Debug|Any CPU
		{A7A2A230-D8D7-46CC-88F2-E261E5A82573}.Release|Any CPU.ActiveCfg = Release|Any CPU
		{A7A2A230-D8D7-46CC-88F2-E261E5A82573}.Release|Any CPU.Build.0 = Release|Any CPU
		{A7A2A230-D8D7-46CC-88F2-E261E5A82573}.Release|ARM.ActiveCfg = Release|Any CPU
		{A7A2A230-D8D7-46CC-88F2-E261E5A82573}.Release|ARM.Build.0 = Release|Any CPU
		{A7A2A230-D8D7-46CC-88F2-E261E5A82573}.Release|ARM64.ActiveCfg = Release|Any CPU
		{A7A2A230-D8D7-46CC-88F2-E261E5A82573}.Release|ARM64.Build.0 = Release|Any CPU
		{A7A2A230-D8D7-46CC-88F2-E261E5A82573}.Release|x64.ActiveCfg = Release|Any CPU
		{A7A2A230-D8D7-46CC-88F2-E261E5A82573}.Release|x64.Build.0 = Release|Any CPU
		{A7A2A230-D8D7-46CC-88F2-E261E5A82573}.Release|x86.ActiveCfg = Release|Any CPU
		{A7A2A230-D8D7-46CC-88F2-E261E5A82573}.Release|x86.Build.0 = Release|Any CPU
		{DCC2F909-4B87-410A-8330-2F857EEBF049}.Debug|Any CPU.ActiveCfg = Debug|Any CPU
		{DCC2F909-4B87-410A-8330-2F857EEBF049}.Debug|Any CPU.Build.0 = Debug|Any CPU
		{DCC2F909-4B87-410A-8330-2F857EEBF049}.Debug|ARM.ActiveCfg = Debug|Any CPU
		{DCC2F909-4B87-410A-8330-2F857EEBF049}.Debug|ARM.Build.0 = Debug|Any CPU
		{DCC2F909-4B87-410A-8330-2F857EEBF049}.Debug|ARM64.ActiveCfg = Debug|Any CPU
		{DCC2F909-4B87-410A-8330-2F857EEBF049}.Debug|ARM64.Build.0 = Debug|Any CPU
		{DCC2F909-4B87-410A-8330-2F857EEBF049}.Debug|x64.ActiveCfg = Debug|Any CPU
		{DCC2F909-4B87-410A-8330-2F857EEBF049}.Debug|x64.Build.0 = Debug|Any CPU
		{DCC2F909-4B87-410A-8330-2F857EEBF049}.Debug|x86.ActiveCfg = Debug|Any CPU
		{DCC2F909-4B87-410A-8330-2F857EEBF049}.Debug|x86.Build.0 = Debug|Any CPU
		{DCC2F909-4B87-410A-8330-2F857EEBF049}.Release|Any CPU.ActiveCfg = Release|Any CPU
		{DCC2F909-4B87-410A-8330-2F857EEBF049}.Release|Any CPU.Build.0 = Release|Any CPU
		{DCC2F909-4B87-410A-8330-2F857EEBF049}.Release|ARM.ActiveCfg = Release|Any CPU
		{DCC2F909-4B87-410A-8330-2F857EEBF049}.Release|ARM.Build.0 = Release|Any CPU
		{DCC2F909-4B87-410A-8330-2F857EEBF049}.Release|ARM64.ActiveCfg = Release|Any CPU
		{DCC2F909-4B87-410A-8330-2F857EEBF049}.Release|ARM64.Build.0 = Release|Any CPU
		{DCC2F909-4B87-410A-8330-2F857EEBF049}.Release|x64.ActiveCfg = Release|Any CPU
		{DCC2F909-4B87-410A-8330-2F857EEBF049}.Release|x64.Build.0 = Release|Any CPU
		{DCC2F909-4B87-410A-8330-2F857EEBF049}.Release|x86.ActiveCfg = Release|Any CPU
		{DCC2F909-4B87-410A-8330-2F857EEBF049}.Release|x86.Build.0 = Release|Any CPU
		{56608072-BA1E-41CD-B59C-996C4BB29EAA}.Debug|Any CPU.ActiveCfg = Debug|Any CPU
		{56608072-BA1E-41CD-B59C-996C4BB29EAA}.Debug|Any CPU.Build.0 = Debug|Any CPU
		{56608072-BA1E-41CD-B59C-996C4BB29EAA}.Debug|ARM.ActiveCfg = Debug|Any CPU
		{56608072-BA1E-41CD-B59C-996C4BB29EAA}.Debug|ARM.Build.0 = Debug|Any CPU
		{56608072-BA1E-41CD-B59C-996C4BB29EAA}.Debug|ARM64.ActiveCfg = Debug|Any CPU
		{56608072-BA1E-41CD-B59C-996C4BB29EAA}.Debug|ARM64.Build.0 = Debug|Any CPU
		{56608072-BA1E-41CD-B59C-996C4BB29EAA}.Debug|x64.ActiveCfg = Debug|Any CPU
		{56608072-BA1E-41CD-B59C-996C4BB29EAA}.Debug|x64.Build.0 = Debug|Any CPU
		{56608072-BA1E-41CD-B59C-996C4BB29EAA}.Debug|x86.ActiveCfg = Debug|Any CPU
		{56608072-BA1E-41CD-B59C-996C4BB29EAA}.Debug|x86.Build.0 = Debug|Any CPU
		{56608072-BA1E-41CD-B59C-996C4BB29EAA}.Release|Any CPU.ActiveCfg = Release|Any CPU
		{56608072-BA1E-41CD-B59C-996C4BB29EAA}.Release|Any CPU.Build.0 = Release|Any CPU
		{56608072-BA1E-41CD-B59C-996C4BB29EAA}.Release|ARM.ActiveCfg = Release|Any CPU
		{56608072-BA1E-41CD-B59C-996C4BB29EAA}.Release|ARM.Build.0 = Release|Any CPU
		{56608072-BA1E-41CD-B59C-996C4BB29EAA}.Release|ARM64.ActiveCfg = Release|Any CPU
		{56608072-BA1E-41CD-B59C-996C4BB29EAA}.Release|ARM64.Build.0 = Release|Any CPU
		{56608072-BA1E-41CD-B59C-996C4BB29EAA}.Release|x64.ActiveCfg = Release|Any CPU
		{56608072-BA1E-41CD-B59C-996C4BB29EAA}.Release|x64.Build.0 = Release|Any CPU
		{56608072-BA1E-41CD-B59C-996C4BB29EAA}.Release|x86.ActiveCfg = Release|Any CPU
		{56608072-BA1E-41CD-B59C-996C4BB29EAA}.Release|x86.Build.0 = Release|Any CPU
	EndGlobalSection
	GlobalSection(SolutionProperties) = preSolution
		HideSolutionNode = FALSE
	EndGlobalSection
	GlobalSection(ExtensibilityGlobals) = postSolution
		SolutionGuid = {3A712897-C62D-4230-AB08-3DA3991083A7}
	EndGlobalSection
EndGlobal
